
Microsoft Visual Studio Solution File, Format Version 12.00
# Visual Studio 15
VisualStudioVersion = 15.0.28307.421
MinimumVisualStudioVersion = 10.0.40219.1
Project("{8BC9CEB8-8B4A-11D0-8D11-00A0C91BC942}") = "Lab1", "Lab1\Lab1.vcxproj", "{20D77343-5C4A-4DB2-9EC1-9816C1DAAA0D}"
EndProject
Project("{8BC9CEB8-8B4A-11D0-8D11-00A0C91BC942}") = "Lab2", "Lab2\Lab2.vcxproj", "{94B0FC6D-795A-4685-9F2A-DE94D1C3A9AF}"
EndProject
Project("{8BC9CEB8-8B4A-11D0-8D11-00A0C91BC942}") = "Lab3", "Lab3\Lab3.vcxproj", "{F5E2DA23-1341-4FE6-88E0-36CC966CD06D}"
EndProject
Project("{8BC9CEB8-8B4A-11D0-8D11-00A0C91BC942}") = "Lab4", "Lab4\Lab4.vcxproj", "{AFD79B2E-C05E-4FBD-B6EA-F8119E4F9882}"
EndProject
Project("{8BC9CEB8-8B4A-11D0-8D11-00A0C91BC942}") = "Lab5", "Lab5\Lab5.vcxproj", "{E8E5D4FE-8A3E-43AE-AD2E-94C20F1CF03B}"
EndProject
Project("{8BC9CEB8-8B4A-11D0-8D11-00A0C91BC942}") = "Lab6", "Lab6\Lab6.vcxproj", "{72ECA868-55C0-4120-BD71-86766924A588}"
EndProject
Project("{8BC9CEB8-8B4A-11D0-8D11-00A0C91BC942}") = "Lab7", "Lab7\Lab7.vcxproj", "{B2EDC1D0-94FD-4325-B0CB-6EF9A8718B93}"
EndProject
Project("{8BC9CEB8-8B4A-11D0-8D11-00A0C91BC942}") = "Lab8", "Lab8\Lab8.vcxproj", "{D2A00D55-5F3F-4E49-901E-DD98B74147A4}"
EndProject
Project("{8BC9CEB8-8B4A-11D0-8D11-00A0C91BC942}") = "Lab9", "Lab9\Lab9.vcxproj", "{DAFD7449-8537-45D4-869C-A7568DC3ACC8}"
EndProject
Project("{8BC9CEB8-8B4A-11D0-8D11-00A0C91BC942}") = "Lab10", "Lab10\Lab10.vcxproj", "{272A54D1-57C2-4216-A21E-5C8F6119C0C5}"
EndProject
Project("{8BC9CEB8-8B4A-11D0-8D11-00A0C91BC942}") = "Lab11", "Lab11\Lab11.vcxproj", "{9DF28B0D-962C-4F3B-AEAB-8DBCD5DDFEF5}"
EndProject
Project("{8BC9CEB8-8B4A-11D0-8D11-00A0C91BC942}") = "Lab12", "Lab12\Lab12.vcxproj", "{94D8F50D-2260-44FA-85CB-262460D82E24}"
EndProject
Project("{8BC9CEB8-8B4A-11D0-8D11-00A0C91BC942}") = "Lab13", "Lab13\Lab13.vcxproj", "{71FA6341-5892-497E-9A64-CC49FC3F20AA}"
EndProject
Project("{8BC9CEB8-8B4A-11D0-8D11-00A0C91BC942}") = "Lab14", "Lab14\Lab14.vcxproj", "{5AE1B301-B001-4A25-91FC-36AD4EB74918}"
EndProject
Project("{8BC9CEB8-8B4A-11D0-8D11-00A0C91BC942}") = "Lab10lib", "Lab10lib\Lab10lib.vcxproj", "{82ADAE7B-2F07-437D-9302-D914BA93BE6B}"
EndProject
Project("{8BC9CEB8-8B4A-11D0-8D11-00A0C91BC942}") = "WS", "WS\WS.vcxproj", "{0DF4290F-E55C-4360-842D-FA0456674149}"
EndProject
Project("{8BC9CEB8-8B4A-11D0-8D11-00A0C91BC942}") = "Exam", "Exam\Exam.vcxproj", "{188D2DF9-D743-4742-82AD-899A61CD5FF4}"
EndProject
Project("{8BC9CEB8-8B4A-11D0-8D11-00A0C91BC942}") = "WS2", "WS2\WS2.vcxproj", "{43FD41B8-AB61-4AE0-B95E-99D6D92AF960}"
EndProject
Global
	GlobalSection(SolutionConfigurationPlatforms) = preSolution
		Debug|x64 = Debug|x64
		Debug|x86 = Debug|x86
		Release|x64 = Release|x64
		Release|x86 = Release|x86
	EndGlobalSection
	GlobalSection(ProjectConfigurationPlatforms) = postSolution
		{20D77343-5C4A-4DB2-9EC1-9816C1DAAA0D}.Debug|x64.ActiveCfg = Debug|x64
		{20D77343-5C4A-4DB2-9EC1-9816C1DAAA0D}.Debug|x64.Build.0 = Debug|x64
		{20D77343-5C4A-4DB2-9EC1-9816C1DAAA0D}.Debug|x86.ActiveCfg = Debug|Win32
		{20D77343-5C4A-4DB2-9EC1-9816C1DAAA0D}.Debug|x86.Build.0 = Debug|Win32
		{20D77343-5C4A-4DB2-9EC1-9816C1DAAA0D}.Release|x64.ActiveCfg = Release|x64
		{20D77343-5C4A-4DB2-9EC1-9816C1DAAA0D}.Release|x64.Build.0 = Release|x64
		{20D77343-5C4A-4DB2-9EC1-9816C1DAAA0D}.Release|x86.ActiveCfg = Release|Win32
		{20D77343-5C4A-4DB2-9EC1-9816C1DAAA0D}.Release|x86.Build.0 = Release|Win32
		{94B0FC6D-795A-4685-9F2A-DE94D1C3A9AF}.Debug|x64.ActiveCfg = Debug|x64
		{94B0FC6D-795A-4685-9F2A-DE94D1C3A9AF}.Debug|x64.Build.0 = Debug|x64
		{94B0FC6D-795A-4685-9F2A-DE94D1C3A9AF}.Debug|x86.ActiveCfg = Debug|Win32
		{94B0FC6D-795A-4685-9F2A-DE94D1C3A9AF}.Debug|x86.Build.0 = Debug|Win32
		{94B0FC6D-795A-4685-9F2A-DE94D1C3A9AF}.Release|x64.ActiveCfg = Release|x64
		{94B0FC6D-795A-4685-9F2A-DE94D1C3A9AF}.Release|x64.Build.0 = Release|x64
		{94B0FC6D-795A-4685-9F2A-DE94D1C3A9AF}.Release|x86.ActiveCfg = Release|Win32
		{94B0FC6D-795A-4685-9F2A-DE94D1C3A9AF}.Release|x86.Build.0 = Release|Win32
		{F5E2DA23-1341-4FE6-88E0-36CC966CD06D}.Debug|x64.ActiveCfg = Debug|x64
		{F5E2DA23-1341-4FE6-88E0-36CC966CD06D}.Debug|x64.Build.0 = Debug|x64
		{F5E2DA23-1341-4FE6-88E0-36CC966CD06D}.Debug|x86.ActiveCfg = Debug|Win32
		{F5E2DA23-1341-4FE6-88E0-36CC966CD06D}.Debug|x86.Build.0 = Debug|Win32
		{F5E2DA23-1341-4FE6-88E0-36CC966CD06D}.Release|x64.ActiveCfg = Release|x64
		{F5E2DA23-1341-4FE6-88E0-36CC966CD06D}.Release|x64.Build.0 = Release|x64
		{F5E2DA23-1341-4FE6-88E0-36CC966CD06D}.Release|x86.ActiveCfg = Release|Win32
		{F5E2DA23-1341-4FE6-88E0-36CC966CD06D}.Release|x86.Build.0 = Release|Win32
		{AFD79B2E-C05E-4FBD-B6EA-F8119E4F9882}.Debug|x64.ActiveCfg = Debug|x64
		{AFD79B2E-C05E-4FBD-B6EA-F8119E4F9882}.Debug|x64.Build.0 = Debug|x64
		{AFD79B2E-C05E-4FBD-B6EA-F8119E4F9882}.Debug|x86.ActiveCfg = Debug|Win32
		{AFD79B2E-C05E-4FBD-B6EA-F8119E4F9882}.Debug|x86.Build.0 = Debug|Win32
		{AFD79B2E-C05E-4FBD-B6EA-F8119E4F9882}.Release|x64.ActiveCfg = Release|x64
		{AFD79B2E-C05E-4FBD-B6EA-F8119E4F9882}.Release|x64.Build.0 = Release|x64
		{AFD79B2E-C05E-4FBD-B6EA-F8119E4F9882}.Release|x86.ActiveCfg = Release|Win32
		{AFD79B2E-C05E-4FBD-B6EA-F8119E4F9882}.Release|x86.Build.0 = Release|Win32
		{E8E5D4FE-8A3E-43AE-AD2E-94C20F1CF03B}.Debug|x64.ActiveCfg = Debug|x64
		{E8E5D4FE-8A3E-43AE-AD2E-94C20F1CF03B}.Debug|x64.Build.0 = Debug|x64
		{E8E5D4FE-8A3E-43AE-AD2E-94C20F1CF03B}.Debug|x86.ActiveCfg = Debug|Win32
		{E8E5D4FE-8A3E-43AE-AD2E-94C20F1CF03B}.Debug|x86.Build.0 = Debug|Win32
		{E8E5D4FE-8A3E-43AE-AD2E-94C20F1CF03B}.Release|x64.ActiveCfg = Release|x64
		{E8E5D4FE-8A3E-43AE-AD2E-94C20F1CF03B}.Release|x64.Build.0 = Release|x64
		{E8E5D4FE-8A3E-43AE-AD2E-94C20F1CF03B}.Release|x86.ActiveCfg = Release|Win32
		{E8E5D4FE-8A3E-43AE-AD2E-94C20F1CF03B}.Release|x86.Build.0 = Release|Win32
		{72ECA868-55C0-4120-BD71-86766924A588}.Debug|x64.ActiveCfg = Debug|x64
		{72ECA868-55C0-4120-BD71-86766924A588}.Debug|x64.Build.0 = Debug|x64
		{72ECA868-55C0-4120-BD71-86766924A588}.Debug|x86.ActiveCfg = Debug|Win32
		{72ECA868-55C0-4120-BD71-86766924A588}.Debug|x86.Build.0 = Debug|Win32
		{72ECA868-55C0-4120-BD71-86766924A588}.Release|x64.ActiveCfg = Release|x64
		{72ECA868-55C0-4120-BD71-86766924A588}.Release|x64.Build.0 = Release|x64
		{72ECA868-55C0-4120-BD71-86766924A588}.Release|x86.ActiveCfg = Release|Win32
		{72ECA868-55C0-4120-BD71-86766924A588}.Release|x86.Build.0 = Release|Win32
		{B2EDC1D0-94FD-4325-B0CB-6EF9A8718B93}.Debug|x64.ActiveCfg = Debug|x64
		{B2EDC1D0-94FD-4325-B0CB-6EF9A8718B93}.Debug|x64.Build.0 = Debug|x64
		{B2EDC1D0-94FD-4325-B0CB-6EF9A8718B93}.Debug|x86.ActiveCfg = Debug|Win32
		{B2EDC1D0-94FD-4325-B0CB-6EF9A8718B93}.Debug|x86.Build.0 = Debug|Win32
		{B2EDC1D0-94FD-4325-B0CB-6EF9A8718B93}.Release|x64.ActiveCfg = Release|x64
		{B2EDC1D0-94FD-4325-B0CB-6EF9A8718B93}.Release|x64.Build.0 = Release|x64
		{B2EDC1D0-94FD-4325-B0CB-6EF9A8718B93}.Release|x86.ActiveCfg = Release|Win32
		{B2EDC1D0-94FD-4325-B0CB-6EF9A8718B93}.Release|x86.Build.0 = Release|Win32
		{D2A00D55-5F3F-4E49-901E-DD98B74147A4}.Debug|x64.ActiveCfg = Debug|x64
		{D2A00D55-5F3F-4E49-901E-DD98B74147A4}.Debug|x64.Build.0 = Debug|x64
		{D2A00D55-5F3F-4E49-901E-DD98B74147A4}.Debug|x86.ActiveCfg = Debug|Win32
		{D2A00D55-5F3F-4E49-901E-DD98B74147A4}.Debug|x86.Build.0 = Debug|Win32
		{D2A00D55-5F3F-4E49-901E-DD98B74147A4}.Release|x64.ActiveCfg = Release|x64
		{D2A00D55-5F3F-4E49-901E-DD98B74147A4}.Release|x64.Build.0 = Release|x64
		{D2A00D55-5F3F-4E49-901E-DD98B74147A4}.Release|x86.ActiveCfg = Release|Win32
		{D2A00D55-5F3F-4E49-901E-DD98B74147A4}.Release|x86.Build.0 = Release|Win32
		{DAFD7449-8537-45D4-869C-A7568DC3ACC8}.Debug|x64.ActiveCfg = Debug|x64
		{DAFD7449-8537-45D4-869C-A7568DC3ACC8}.Debug|x64.Build.0 = Debug|x64
		{DAFD7449-8537-45D4-869C-A7568DC3ACC8}.Debug|x86.ActiveCfg = Debug|Win32
		{DAFD7449-8537-45D4-869C-A7568DC3ACC8}.Debug|x86.Build.0 = Debug|Win32
		{DAFD7449-8537-45D4-869C-A7568DC3ACC8}.Release|x64.ActiveCfg = Release|x64
		{DAFD7449-8537-45D4-869C-A7568DC3ACC8}.Release|x64.Build.0 = Release|x64
		{DAFD7449-8537-45D4-869C-A7568DC3ACC8}.Release|x86.ActiveCfg = Release|Win32
		{DAFD7449-8537-45D4-869C-A7568DC3ACC8}.Release|x86.Build.0 = Release|Win32
		{272A54D1-57C2-4216-A21E-5C8F6119C0C5}.Debug|x64.ActiveCfg = Debug|x64
		{272A54D1-57C2-4216-A21E-5C8F6119C0C5}.Debug|x64.Build.0 = Debug|x64
		{272A54D1-57C2-4216-A21E-5C8F6119C0C5}.Debug|x86.ActiveCfg = Debug|Win32
		{272A54D1-57C2-4216-A21E-5C8F6119C0C5}.Debug|x86.Build.0 = Debug|Win32
		{272A54D1-57C2-4216-A21E-5C8F6119C0C5}.Release|x64.ActiveCfg = Release|x64
		{272A54D1-57C2-4216-A21E-5C8F6119C0C5}.Release|x64.Build.0 = Release|x64
		{272A54D1-57C2-4216-A21E-5C8F6119C0C5}.Release|x86.ActiveCfg = Release|Win32
		{272A54D1-57C2-4216-A21E-5C8F6119C0C5}.Release|x86.Build.0 = Release|Win32
		{9DF28B0D-962C-4F3B-AEAB-8DBCD5DDFEF5}.Debug|x64.ActiveCfg = Debug|x64
		{9DF28B0D-962C-4F3B-AEAB-8DBCD5DDFEF5}.Debug|x64.Build.0 = Debug|x64
		{9DF28B0D-962C-4F3B-AEAB-8DBCD5DDFEF5}.Debug|x86.ActiveCfg = Debug|Win32
		{9DF28B0D-962C-4F3B-AEAB-8DBCD5DDFEF5}.Debug|x86.Build.0 = Debug|Win32
		{9DF28B0D-962C-4F3B-AEAB-8DBCD5DDFEF5}.Release|x64.ActiveCfg = Release|x64
		{9DF28B0D-962C-4F3B-AEAB-8DBCD5DDFEF5}.Release|x64.Build.0 = Release|x64
		{9DF28B0D-962C-4F3B-AEAB-8DBCD5DDFEF5}.Release|x86.ActiveCfg = Release|Win32
		{9DF28B0D-962C-4F3B-AEAB-8DBCD5DDFEF5}.Release|x86.Build.0 = Release|Win32
		{94D8F50D-2260-44FA-85CB-262460D82E24}.Debug|x64.ActiveCfg = Debug|x64
		{94D8F50D-2260-44FA-85CB-262460D82E24}.Debug|x64.Build.0 = Debug|x64
		{94D8F50D-2260-44FA-85CB-262460D82E24}.Debug|x86.ActiveCfg = Debug|Win32
		{94D8F50D-2260-44FA-85CB-262460D82E24}.Debug|x86.Build.0 = Debug|Win32
		{94D8F50D-2260-44FA-85CB-262460D82E24}.Release|x64.ActiveCfg = Release|x64
		{94D8F50D-2260-44FA-85CB-262460D82E24}.Release|x64.Build.0 = Release|x64
		{94D8F50D-2260-44FA-85CB-262460D82E24}.Release|x86.ActiveCfg = Release|Win32
		{94D8F50D-2260-44FA-85CB-262460D82E24}.Release|x86.Build.0 = Release|Win32
		{71FA6341-5892-497E-9A64-CC49FC3F20AA}.Debug|x64.ActiveCfg = Debug|x64
		{71FA6341-5892-497E-9A64-CC49FC3F20AA}.Debug|x64.Build.0 = Debug|x64
		{71FA6341-5892-497E-9A64-CC49FC3F20AA}.Debug|x86.ActiveCfg = Debug|Win32
		{71FA6341-5892-497E-9A64-CC49FC3F20AA}.Debug|x86.Build.0 = Debug|Win32
		{71FA6341-5892-497E-9A64-CC49FC3F20AA}.Release|x64.ActiveCfg = Release|x64
		{71FA6341-5892-497E-9A64-CC49FC3F20AA}.Release|x64.Build.0 = Release|x64
		{71FA6341-5892-497E-9A64-CC49FC3F20AA}.Release|x86.ActiveCfg = Release|Win32
		{71FA6341-5892-497E-9A64-CC49FC3F20AA}.Release|x86.Build.0 = Release|Win32
		{5AE1B301-B001-4A25-91FC-36AD4EB74918}.Debug|x64.ActiveCfg = Debug|x64
		{5AE1B301-B001-4A25-91FC-36AD4EB74918}.Debug|x64.Build.0 = Debug|x64
		{5AE1B301-B001-4A25-91FC-36AD4EB74918}.Debug|x86.ActiveCfg = Debug|Win32
		{5AE1B301-B001-4A25-91FC-36AD4EB74918}.Debug|x86.Build.0 = Debug|Win32
		{5AE1B301-B001-4A25-91FC-36AD4EB74918}.Release|x64.ActiveCfg = Release|x64
		{5AE1B301-B001-4A25-91FC-36AD4EB74918}.Release|x64.Build.0 = Release|x64
		{5AE1B301-B001-4A25-91FC-36AD4EB74918}.Release|x86.ActiveCfg = Release|Win32
		{5AE1B301-B001-4A25-91FC-36AD4EB74918}.Release|x86.Build.0 = Release|Win32
		{82ADAE7B-2F07-437D-9302-D914BA93BE6B}.Debug|x64.ActiveCfg = Debug|x64
		{82ADAE7B-2F07-437D-9302-D914BA93BE6B}.Debug|x64.Build.0 = Debug|x64
		{82ADAE7B-2F07-437D-9302-D914BA93BE6B}.Debug|x86.ActiveCfg = Debug|Win32
		{82ADAE7B-2F07-437D-9302-D914BA93BE6B}.Debug|x86.Build.0 = Debug|Win32
		{82ADAE7B-2F07-437D-9302-D914BA93BE6B}.Release|x64.ActiveCfg = Release|x64
		{82ADAE7B-2F07-437D-9302-D914BA93BE6B}.Release|x64.Build.0 = Release|x64
		{82ADAE7B-2F07-437D-9302-D914BA93BE6B}.Release|x86.ActiveCfg = Release|Win32
		{82ADAE7B-2F07-437D-9302-D914BA93BE6B}.Release|x86.Build.0 = Release|Win32
		{0DF4290F-E55C-4360-842D-FA0456674149}.Debug|x64.ActiveCfg = Debug|x64
		{0DF4290F-E55C-4360-842D-FA0456674149}.Debug|x64.Build.0 = Debug|x64
		{0DF4290F-E55C-4360-842D-FA0456674149}.Debug|x86.ActiveCfg = Debug|Win32
		{0DF4290F-E55C-4360-842D-FA0456674149}.Debug|x86.Build.0 = Debug|Win32
		{0DF4290F-E55C-4360-842D-FA0456674149}.Release|x64.ActiveCfg = Release|x64
		{0DF4290F-E55C-4360-842D-FA0456674149}.Release|x64.Build.0 = Release|x64
		{0DF4290F-E55C-4360-842D-FA0456674149}.Release|x86.ActiveCfg = Release|Win32
		{0DF4290F-E55C-4360-842D-FA0456674149}.Release|x86.Build.0 = Release|Win32
		{188D2DF9-D743-4742-82AD-899A61CD5FF4}.Debug|x64.ActiveCfg = Debug|x64
		{188D2DF9-D743-4742-82AD-899A61CD5FF4}.Debug|x64.Build.0 = Debug|x64
		{188D2DF9-D743-4742-82AD-899A61CD5FF4}.Debug|x86.ActiveCfg = Debug|Win32
		{188D2DF9-D743-4742-82AD-899A61CD5FF4}.Debug|x86.Build.0 = Debug|Win32
		{188D2DF9-D743-4742-82AD-899A61CD5FF4}.Release|x64.ActiveCfg = Release|x64
		{188D2DF9-D743-4742-82AD-899A61CD5FF4}.Release|x64.Build.0 = Release|x64
		{188D2DF9-D743-4742-82AD-899A61CD5FF4}.Release|x86.ActiveCfg = Release|Win32
		{188D2DF9-D743-4742-82AD-899A61CD5FF4}.Release|x86.Build.0 = Release|Win32
		{43FD41B8-AB61-4AE0-B95E-99D6D92AF960}.Debug|x64.ActiveCfg = Debug|x64
		{43FD41B8-AB61-4AE0-B95E-99D6D92AF960}.Debug|x64.Build.0 = Debug|x64
		{43FD41B8-AB61-4AE0-B95E-99D6D92AF960}.Debug|x86.ActiveCfg = Debug|Win32
		{43FD41B8-AB61-4AE0-B95E-99D6D92AF960}.Debug|x86.Build.0 = Debug|Win32
		{43FD41B8-AB61-4AE0-B95E-99D6D92AF960}.Release|x64.ActiveCfg = Release|x64
		{43FD41B8-AB61-4AE0-B95E-99D6D92AF960}.Release|x64.Build.0 = Release|x64
		{43FD41B8-AB61-4AE0-B95E-99D6D92AF960}.Release|x86.ActiveCfg = Release|Win32
		{43FD41B8-AB61-4AE0-B95E-99D6D92AF960}.Release|x86.Build.0 = Release|Win32
	EndGlobalSection
	GlobalSection(SolutionProperties) = preSolution
		HideSolutionNode = FALSE
	EndGlobalSection
	GlobalSection(ExtensibilityGlobals) = postSolution
		SolutionGuid = {51B0C716-72F3-45F4-96A5-855AE94F25EB}
	EndGlobalSection
EndGlobal
